
Microsoft Visual Studio Solution File, Format Version 12.00
# Visual Studio Version 16
VisualStudioVersion = 16.0.29102.190
MinimumVisualStudioVersion = 10.0.40219.1
Project("{9A19103F-16F7-4668-BE54-9A1E7A4F7556}") = "BradsFruitStore.TerminalApp", "BradsFruitStore.TerminalApp\BradsFruitStore.TerminalApp.csproj", "{760B13D0-C4A3-42FA-91E9-524F3AE071D4}"
EndProject
Project("{9A19103F-16F7-4668-BE54-9A1E7A4F7556}") = "BradsFruitStore.Terminal", "BradsFruitStore.Terminal\BradsFruitStore.Terminal.csproj", "{50FF993E-3921-460F-98ED-AA18891F40E1}"
EndProject
Project("{9A19103F-16F7-4668-BE54-9A1E7A4F7556}") = "BradsFruitStore.Models", "BradsFruitStore.Models\BradsFruitStore.Models.csproj", "{99E81AF0-9DCC-4E4E-8A3E-01AEE1D3C09D}"
EndProject
Project("{FAE04EC0-301F-11D3-BF4B-00C04F79EFBC}") = "BradsFruitStore.Terminal.Tests", "BradsFruitStore.Terminal.Tests\BradsFruitStore.Terminal.Tests.csproj", "{327817BB-BBB1-4940-8F84-BF0F996B7129}"
EndProject
Global
	GlobalSection(SolutionConfigurationPlatforms) = preSolution
		Debug|Any CPU = Debug|Any CPU
		Release|Any CPU = Release|Any CPU
	EndGlobalSection
	GlobalSection(ProjectConfigurationPlatforms) = postSolution
		{760B13D0-C4A3-42FA-91E9-524F3AE071D4}.Debug|Any CPU.ActiveCfg = Debug|Any CPU
		{760B13D0-C4A3-42FA-91E9-524F3AE071D4}.Debug|Any CPU.Build.0 = Debug|Any CPU
		{760B13D0-C4A3-42FA-91E9-524F3AE071D4}.Release|Any CPU.ActiveCfg = Release|Any CPU
		{760B13D0-C4A3-42FA-91E9-524F3AE071D4}.Release|Any CPU.Build.0 = Release|Any CPU
		{50FF993E-3921-460F-98ED-AA18891F40E1}.Debug|Any CPU.ActiveCfg = Debug|Any CPU
		{50FF993E-3921-460F-98ED-AA18891F40E1}.Debug|Any CPU.Build.0 = Debug|Any CPU
		{50FF993E-3921-460F-98ED-AA18891F40E1}.Release|Any CPU.ActiveCfg = Release|Any CPU
		{50FF993E-3921-460F-98ED-AA18891F40E1}.Release|Any CPU.Build.0 = Release|Any CPU
		{99E81AF0-9DCC-4E4E-8A3E-01AEE1D3C09D}.Debug|Any CPU.ActiveCfg = Debug|Any CPU
		{99E81AF0-9DCC-4E4E-8A3E-01AEE1D3C09D}.Debug|Any CPU.Build.0 = Debug|Any CPU
		{99E81AF0-9DCC-4E4E-8A3E-01AEE1D3C09D}.Release|Any CPU.ActiveCfg = Release|Any CPU
		{99E81AF0-9DCC-4E4E-8A3E-01AEE1D3C09D}.Release|Any CPU.Build.0 = Release|Any CPU
		{327817BB-BBB1-4940-8F84-BF0F996B7129}.Debug|Any CPU.ActiveCfg = Debug|Any CPU
		{327817BB-BBB1-4940-8F84-BF0F996B7129}.Debug|Any CPU.Build.0 = Debug|Any CPU
		{327817BB-BBB1-4940-8F84-BF0F996B7129}.Release|Any CPU.ActiveCfg = Release|Any CPU
		{327817BB-BBB1-4940-8F84-BF0F996B7129}.Release|Any CPU.Build.0 = Release|Any CPU
	EndGlobalSection
	GlobalSection(SolutionProperties) = preSolution
		HideSolutionNode = FALSE
	EndGlobalSection
	GlobalSection(ExtensibilityGlobals) = postSolution
		SolutionGuid = {609E3AFC-FCC8-4BEF-9436-5406DE3B6255}
	EndGlobalSection
EndGlobal
